// !$*UTF8*$!
{
	archiveVersion = 1;
	classes = {
	};
	objectVersion = 46;
	objects = {

/* Begin PBXBuildFile section */
		12083D3149FE23296F829C99 /* Pods_MyFamilySocialApp.framework in Frameworks */ = {isa = PBXBuildFile; fileRef = A014BD35B012CB41B89D2FA3 /* Pods_MyFamilySocialApp.framework */; };
		4C17352A1D2B1B7300EF991B /* AppDelegate.swift in Sources */ = {isa = PBXBuildFile; fileRef = 4C1735291D2B1B7300EF991B /* AppDelegate.swift */; };
		4C17352C1D2B1B7300EF991B /* ViewController.swift in Sources */ = {isa = PBXBuildFile; fileRef = 4C17352B1D2B1B7300EF991B /* ViewController.swift */; };
		4C17352F1D2B1B7300EF991B /* Main.storyboard in Resources */ = {isa = PBXBuildFile; fileRef = 4C17352D1D2B1B7300EF991B /* Main.storyboard */; };
		4C1735311D2B1B7300EF991B /* Assets.xcassets in Resources */ = {isa = PBXBuildFile; fileRef = 4C1735301D2B1B7300EF991B /* Assets.xcassets */; };
		4C1735341D2B1B7300EF991B /* LaunchScreen.storyboard in Resources */ = {isa = PBXBuildFile; fileRef = 4C1735321D2B1B7300EF991B /* LaunchScreen.storyboard */; };
		4CCE37441D2B3398009E861A /* FBSDKCoreKit.framework in Frameworks */ = {isa = PBXBuildFile; fileRef = 4CCE37421D2B3398009E861A /* FBSDKCoreKit.framework */; };
		4CCE37451D2B3398009E861A /* FBSDKLoginKit.framework in Frameworks */ = {isa = PBXBuildFile; fileRef = 4CCE37431D2B3398009E861A /* FBSDKLoginKit.framework */; };
		4CCE37471D2B4616009E861A /* GoogleService-Info.plist in Resources */ = {isa = PBXBuildFile; fileRef = 4CCE37461D2B4616009E861A /* GoogleService-Info.plist */; };
		4CFF22D81D2B496C00015FF9 /* NotoSans-Bold.ttf in Resources */ = {isa = PBXBuildFile; fileRef = 4CFF22D41D2B496C00015FF9 /* NotoSans-Bold.ttf */; };
		4CFF22D91D2B496C00015FF9 /* NotoSans-BoldItalic.ttf in Resources */ = {isa = PBXBuildFile; fileRef = 4CFF22D51D2B496C00015FF9 /* NotoSans-BoldItalic.ttf */; };
		4CFF22DA1D2B496C00015FF9 /* NotoSans-Italic.ttf in Resources */ = {isa = PBXBuildFile; fileRef = 4CFF22D61D2B496C00015FF9 /* NotoSans-Italic.ttf */; };
		4CFF22DB1D2B496C00015FF9 /* NotoSans-Regular.ttf in Resources */ = {isa = PBXBuildFile; fileRef = 4CFF22D71D2B496C00015FF9 /* NotoSans-Regular.ttf */; };
		4CFF22E31D2B4B5100015FF9 /* MaterialButton.swift in Sources */ = {isa = PBXBuildFile; fileRef = 4CFF22E01D2B4B5100015FF9 /* MaterialButton.swift */; };
		4CFF22E41D2B4B5100015FF9 /* MaterialTextField.swift in Sources */ = {isa = PBXBuildFile; fileRef = 4CFF22E11D2B4B5100015FF9 /* MaterialTextField.swift */; };
		4CFF22E51D2B4B5100015FF9 /* MaterialView.swift in Sources */ = {isa = PBXBuildFile; fileRef = 4CFF22E21D2B4B5100015FF9 /* MaterialView.swift */; };
		4CFF22E71D2B4B5B00015FF9 /* Constants.swift in Sources */ = {isa = PBXBuildFile; fileRef = 4CFF22E61D2B4B5B00015FF9 /* Constants.swift */; };
/* End PBXBuildFile section */

/* Begin PBXFileReference section */
		28B0B0D5FF6B85271AC56CDD /* Pods-MyFamilySocialApp.release.xcconfig */ = {isa = PBXFileReference; includeInIndex = 1; lastKnownFileType = text.xcconfig; name = "Pods-MyFamilySocialApp.release.xcconfig"; path = "Pods/Target Support Files/Pods-MyFamilySocialApp/Pods-MyFamilySocialApp.release.xcconfig"; sourceTree = "<group>"; };
		4C1735261D2B1B7300EF991B /* MyFamilySocialApp.app */ = {isa = PBXFileReference; explicitFileType = wrapper.application; includeInIndex = 0; path = MyFamilySocialApp.app; sourceTree = BUILT_PRODUCTS_DIR; };
		4C1735291D2B1B7300EF991B /* AppDelegate.swift */ = {isa = PBXFileReference; lastKnownFileType = sourcecode.swift; path = AppDelegate.swift; sourceTree = "<group>"; };
		4C17352B1D2B1B7300EF991B /* ViewController.swift */ = {isa = PBXFileReference; lastKnownFileType = sourcecode.swift; path = ViewController.swift; sourceTree = "<group>"; };
		4C17352E1D2B1B7300EF991B /* Base */ = {isa = PBXFileReference; lastKnownFileType = file.storyboard; name = Base; path = Base.lproj/Main.storyboard; sourceTree = "<group>"; };
		4C1735301D2B1B7300EF991B /* Assets.xcassets */ = {isa = PBXFileReference; lastKnownFileType = folder.assetcatalog; path = Assets.xcassets; sourceTree = "<group>"; };
		4C1735331D2B1B7300EF991B /* Base */ = {isa = PBXFileReference; lastKnownFileType = file.storyboard; name = Base; path = Base.lproj/LaunchScreen.storyboard; sourceTree = "<group>"; };
		4C1735351D2B1B7300EF991B /* Info.plist */ = {isa = PBXFileReference; lastKnownFileType = text.plist.xml; path = Info.plist; sourceTree = "<group>"; };
		4CCE37421D2B3398009E861A /* FBSDKCoreKit.framework */ = {isa = PBXFileReference; lastKnownFileType = wrapper.framework; path = FBSDKCoreKit.framework; sourceTree = "<group>"; };
		4CCE37431D2B3398009E861A /* FBSDKLoginKit.framework */ = {isa = PBXFileReference; lastKnownFileType = wrapper.framework; path = FBSDKLoginKit.framework; sourceTree = "<group>"; };
		4CCE37461D2B4616009E861A /* GoogleService-Info.plist */ = {isa = PBXFileReference; fileEncoding = 4; lastKnownFileType = text.plist.xml; path = "GoogleService-Info.plist"; sourceTree = "<group>"; };
		4CFF22D41D2B496C00015FF9 /* NotoSans-Bold.ttf */ = {isa = PBXFileReference; lastKnownFileType = file; path = "NotoSans-Bold.ttf"; sourceTree = "<group>"; };
		4CFF22D51D2B496C00015FF9 /* NotoSans-BoldItalic.ttf */ = {isa = PBXFileReference; lastKnownFileType = file; path = "NotoSans-BoldItalic.ttf"; sourceTree = "<group>"; };
		4CFF22D61D2B496C00015FF9 /* NotoSans-Italic.ttf */ = {isa = PBXFileReference; lastKnownFileType = file; path = "NotoSans-Italic.ttf"; sourceTree = "<group>"; };
		4CFF22D71D2B496C00015FF9 /* NotoSans-Regular.ttf */ = {isa = PBXFileReference; lastKnownFileType = file; path = "NotoSans-Regular.ttf"; sourceTree = "<group>"; };
		4CFF22E01D2B4B5100015FF9 /* MaterialButton.swift */ = {isa = PBXFileReference; fileEncoding = 4; lastKnownFileType = sourcecode.swift; path = MaterialButton.swift; sourceTree = "<group>"; };
		4CFF22E11D2B4B5100015FF9 /* MaterialTextField.swift */ = {isa = PBXFileReference; fileEncoding = 4; lastKnownFileType = sourcecode.swift; path = MaterialTextField.swift; sourceTree = "<group>"; };
		4CFF22E21D2B4B5100015FF9 /* MaterialView.swift */ = {isa = PBXFileReference; fileEncoding = 4; lastKnownFileType = sourcecode.swift; path = MaterialView.swift; sourceTree = "<group>"; };
		4CFF22E61D2B4B5B00015FF9 /* Constants.swift */ = {isa = PBXFileReference; fileEncoding = 4; lastKnownFileType = sourcecode.swift; path = Constants.swift; sourceTree = "<group>"; };
		5CBA5A22CC792C6E0FE7F1AC /* Pods-MyFamilySocialApp.debug.xcconfig */ = {isa = PBXFileReference; includeInIndex = 1; lastKnownFileType = text.xcconfig; name = "Pods-MyFamilySocialApp.debug.xcconfig"; path = "Pods/Target Support Files/Pods-MyFamilySocialApp/Pods-MyFamilySocialApp.debug.xcconfig"; sourceTree = "<group>"; };
		A014BD35B012CB41B89D2FA3 /* Pods_MyFamilySocialApp.framework */ = {isa = PBXFileReference; explicitFileType = wrapper.framework; includeInIndex = 0; path = Pods_MyFamilySocialApp.framework; sourceTree = BUILT_PRODUCTS_DIR; };
/* End PBXFileReference section */

/* Begin PBXFrameworksBuildPhase section */
		4C1735231D2B1B7300EF991B /* Frameworks */ = {
			isa = PBXFrameworksBuildPhase;
			buildActionMask = 2147483647;
			files = (
				12083D3149FE23296F829C99 /* Pods_MyFamilySocialApp.framework in Frameworks */,
				4CCE37441D2B3398009E861A /* FBSDKCoreKit.framework in Frameworks */,
				4CCE37451D2B3398009E861A /* FBSDKLoginKit.framework in Frameworks */,
			);
			runOnlyForDeploymentPostprocessing = 0;
		};
/* End PBXFrameworksBuildPhase section */

/* Begin PBXGroup section */
		24B22E6463034C351472D728 /* Pods */ = {
			isa = PBXGroup;
			children = (
				5CBA5A22CC792C6E0FE7F1AC /* Pods-MyFamilySocialApp.debug.xcconfig */,
				28B0B0D5FF6B85271AC56CDD /* Pods-MyFamilySocialApp.release.xcconfig */,
			);
			name = Pods;
			sourceTree = "<group>";
		};
		4C17351D1D2B1B7300EF991B = {
			isa = PBXGroup;
			children = (
				4C1735281D2B1B7300EF991B /* MyFamilySocialApp */,
				4C1735271D2B1B7300EF991B /* Products */,
				24B22E6463034C351472D728 /* Pods */,
				5DB0A21F21449483A13D9039 /* Frameworks */,
			);
			sourceTree = "<group>";
		};
		4C1735271D2B1B7300EF991B /* Products */ = {
			isa = PBXGroup;
			children = (
				4C1735261D2B1B7300EF991B /* MyFamilySocialApp.app */,
			);
			name = Products;
			sourceTree = "<group>";
		};
		4C1735281D2B1B7300EF991B /* MyFamilySocialApp */ = {
			isa = PBXGroup;
			children = (
				4CFF22DC1D2B4A8F00015FF9 /* Model */,
				4CFF22DD1D2B4A9500015FF9 /* View */,
				4CFF22DE1D2B4A9B00015FF9 /* Controller */,
				4CFF22D31D2B495C00015FF9 /* Resources */,
				4CFF22DF1D2B4AA200015FF9 /* Util */,
				4C1735291D2B1B7300EF991B /* AppDelegate.swift */,
				4C17352D1D2B1B7300EF991B /* Main.storyboard */,
				4C1735301D2B1B7300EF991B /* Assets.xcassets */,
				4C1735321D2B1B7300EF991B /* LaunchScreen.storyboard */,
				4C1735351D2B1B7300EF991B /* Info.plist */,
				4CCE37461D2B4616009E861A /* GoogleService-Info.plist */,
			);
			path = MyFamilySocialApp;
			sourceTree = "<group>";
		};
		4CFF22D31D2B495C00015FF9 /* Resources */ = {
			isa = PBXGroup;
			children = (
				4CFF22D41D2B496C00015FF9 /* NotoSans-Bold.ttf */,
				4CFF22D51D2B496C00015FF9 /* NotoSans-BoldItalic.ttf */,
				4CFF22D61D2B496C00015FF9 /* NotoSans-Italic.ttf */,
				4CFF22D71D2B496C00015FF9 /* NotoSans-Regular.ttf */,
			);
			name = Resources;
			path = ..;
			sourceTree = "<group>";
		};
		4CFF22DC1D2B4A8F00015FF9 /* Model */ = {
			isa = PBXGroup;
			children = (
			);
			name = Model;
			sourceTree = "<group>";
		};
		4CFF22DD1D2B4A9500015FF9 /* View */ = {
			isa = PBXGroup;
			children = (
				4CFF22E01D2B4B5100015FF9 /* MaterialButton.swift */,
				4CFF22E11D2B4B5100015FF9 /* MaterialTextField.swift */,
				4CFF22E21D2B4B5100015FF9 /* MaterialView.swift */,
			);
			name = View;
			sourceTree = "<group>";
		};
		4CFF22DE1D2B4A9B00015FF9 /* Controller */ = {
			isa = PBXGroup;
			children = (
				4C17352B1D2B1B7300EF991B /* ViewController.swift */,
			);
			name = Controller;
			sourceTree = "<group>";
		};
		4CFF22DF1D2B4AA200015FF9 /* Util */ = {
			isa = PBXGroup;
			children = (
				4CFF22E61D2B4B5B00015FF9 /* Constants.swift */,
			);
			name = Util;
			sourceTree = "<group>";
		};
		5DB0A21F21449483A13D9039 /* Frameworks */ = {
			isa = PBXGroup;
			children = (
				4CCE37421D2B3398009E861A /* FBSDKCoreKit.framework */,
				4CCE37431D2B3398009E861A /* FBSDKLoginKit.framework */,
				A014BD35B012CB41B89D2FA3 /* Pods_MyFamilySocialApp.framework */,
			);
			name = Frameworks;
			sourceTree = "<group>";
		};
/* End PBXGroup section */

/* Begin PBXNativeTarget section */
		4C1735251D2B1B7300EF991B /* MyFamilySocialApp */ = {
			isa = PBXNativeTarget;
			buildConfigurationList = 4C1735381D2B1B7300EF991B /* Build configuration list for PBXNativeTarget "MyFamilySocialApp" */;
			buildPhases = (
				9144B623B8CB2A62A0B2657B /* [CP] Check Pods Manifest.lock */,
				4C1735221D2B1B7300EF991B /* Sources */,
				4C1735231D2B1B7300EF991B /* Frameworks */,
				4C1735241D2B1B7300EF991B /* Resources */,
				346F693C222FC7750FFE8F28 /* [CP] Embed Pods Frameworks */,
				55CDB4AEB0CC8C062FF40514 /* [CP] Copy Pods Resources */,
			);
			buildRules = (
			);
			dependencies = (
			);
			name = MyFamilySocialApp;
			productName = MyFamilySocialApp;
			productReference = 4C1735261D2B1B7300EF991B /* MyFamilySocialApp.app */;
			productType = "com.apple.product-type.application";
		};
/* End PBXNativeTarget section */

/* Begin PBXProject section */
		4C17351E1D2B1B7300EF991B /* Project object */ = {
			isa = PBXProject;
			attributes = {
				LastSwiftUpdateCheck = 0730;
				LastUpgradeCheck = 0730;
				ORGANIZATIONNAME = "MGK Technology Solutions, LLC";
				TargetAttributes = {
					4C1735251D2B1B7300EF991B = {
						CreatedOnToolsVersion = 7.3.1;
						DevelopmentTeam = 8TF66VKJD2;
					};
				};
			};
			buildConfigurationList = 4C1735211D2B1B7300EF991B /* Build configuration list for PBXProject "MyFamilySocialApp" */;
			compatibilityVersion = "Xcode 3.2";
			developmentRegion = English;
			hasScannedForEncodings = 0;
			knownRegions = (
				en,
				Base,
			);
			mainGroup = 4C17351D1D2B1B7300EF991B;
			productRefGroup = 4C1735271D2B1B7300EF991B /* Products */;
			projectDirPath = "";
			projectRoot = "";
			targets = (
				4C1735251D2B1B7300EF991B /* MyFamilySocialApp */,
			);
		};
/* End PBXProject section */

/* Begin PBXResourcesBuildPhase section */
		4C1735241D2B1B7300EF991B /* Resources */ = {
			isa = PBXResourcesBuildPhase;
			buildActionMask = 2147483647;
			files = (
				4CFF22D91D2B496C00015FF9 /* NotoSans-BoldItalic.ttf in Resources */,
				4C1735341D2B1B7300EF991B /* LaunchScreen.storyboard in Resources */,
				4CCE37471D2B4616009E861A /* GoogleService-Info.plist in Resources */,
				4C1735311D2B1B7300EF991B /* Assets.xcassets in Resources */,
				4CFF22DB1D2B496C00015FF9 /* NotoSans-Regular.ttf in Resources */,
				4CFF22DA1D2B496C00015FF9 /* NotoSans-Italic.ttf in Resources */,
				4CFF22D81D2B496C00015FF9 /* NotoSans-Bold.ttf in Resources */,
				4C17352F1D2B1B7300EF991B /* Main.storyboard in Resources */,
			);
			runOnlyForDeploymentPostprocessing = 0;
		};
/* End PBXResourcesBuildPhase section */

/* Begin PBXShellScriptBuildPhase section */
		346F693C222FC7750FFE8F28 /* [CP] Embed Pods Frameworks */ = {
			isa = PBXShellScriptBuildPhase;
			buildActionMask = 2147483647;
			files = (
			);
			inputPaths = (
			);
			name = "[CP] Embed Pods Frameworks";
			outputPaths = (
			);
			runOnlyForDeploymentPostprocessing = 0;
			shellPath = /bin/sh;
			shellScript = "\"${SRCROOT}/Pods/Target Support Files/Pods-MyFamilySocialApp/Pods-MyFamilySocialApp-frameworks.sh\"\n";
			showEnvVarsInLog = 0;
		};
		55CDB4AEB0CC8C062FF40514 /* [CP] Copy Pods Resources */ = {
			isa = PBXShellScriptBuildPhase;
			buildActionMask = 2147483647;
			files = (
			);
			inputPaths = (
			);
			name = "[CP] Copy Pods Resources";
			outputPaths = (
			);
			runOnlyForDeploymentPostprocessing = 0;
			shellPath = /bin/sh;
			shellScript = "\"${SRCROOT}/Pods/Target Support Files/Pods-MyFamilySocialApp/Pods-MyFamilySocialApp-resources.sh\"\n";
			showEnvVarsInLog = 0;
		};
		9144B623B8CB2A62A0B2657B /* [CP] Check Pods Manifest.lock */ = {
			isa = PBXShellScriptBuildPhase;
			buildActionMask = 2147483647;
			files = (
			);
			inputPaths = (
			);
			name = "[CP] Check Pods Manifest.lock";
			outputPaths = (
			);
			runOnlyForDeploymentPostprocessing = 0;
			shellPath = /bin/sh;
			shellScript = "diff \"${PODS_ROOT}/../Podfile.lock\" \"${PODS_ROOT}/Manifest.lock\" > /dev/null\nif [[ $? != 0 ]] ; then\n    cat << EOM\nerror: The sandbox is not in sync with the Podfile.lock. Run 'pod install' or update your CocoaPods installation.\nEOM\n    exit 1\nfi\n";
			showEnvVarsInLog = 0;
		};
/* End PBXShellScriptBuildPhase section */

/* Begin PBXSourcesBuildPhase section */
		4C1735221D2B1B7300EF991B /* Sources */ = {
			isa = PBXSourcesBuildPhase;
			buildActionMask = 2147483647;
			files = (
				4C17352C1D2B1B7300EF991B /* ViewController.swift in Sources */,
				4C17352A1D2B1B7300EF991B /* AppDelegate.swift in Sources */,
				4CFF22E51D2B4B5100015FF9 /* MaterialView.swift in Sources */,
				4CFF22E41D2B4B5100015FF9 /* MaterialTextField.swift in Sources */,
				4CFF22E31D2B4B5100015FF9 /* MaterialButton.swift in Sources */,
				4CFF22E71D2B4B5B00015FF9 /* Constants.swift in Sources */,
			);
			runOnlyForDeploymentPostprocessing = 0;
		};
/* End PBXSourcesBuildPhase section */

/* Begin PBXVariantGroup section */
		4C17352D1D2B1B7300EF991B /* Main.storyboard */ = {
			isa = PBXVariantGroup;
			children = (
				4C17352E1D2B1B7300EF991B /* Base */,
			);
			name = Main.storyboard;
			sourceTree = "<group>";
		};
		4C1735321D2B1B7300EF991B /* LaunchScreen.storyboard */ = {
			isa = PBXVariantGroup;
			children = (
				4C1735331D2B1B7300EF991B /* Base */,
			);
			name = LaunchScreen.storyboard;
			sourceTree = "<group>";
		};
/* End PBXVariantGroup section */

/* Begin XCBuildConfiguration section */
		4C1735361D2B1B7300EF991B /* Debug */ = {
			isa = XCBuildConfiguration;
			buildSettings = {
				ALWAYS_SEARCH_USER_PATHS = NO;
				CLANG_ANALYZER_NONNULL = YES;
				CLANG_CXX_LANGUAGE_STANDARD = "gnu++0x";
				CLANG_CXX_LIBRARY = "libc++";
				CLANG_ENABLE_MODULES = YES;
				CLANG_ENABLE_OBJC_ARC = YES;
				CLANG_WARN_BOOL_CONVERSION = YES;
				CLANG_WARN_CONSTANT_CONVERSION = YES;
				CLANG_WARN_DIRECT_OBJC_ISA_USAGE = YES_ERROR;
				CLANG_WARN_EMPTY_BODY = YES;
				CLANG_WARN_ENUM_CONVERSION = YES;
				CLANG_WARN_INT_CONVERSION = YES;
				CLANG_WARN_OBJC_ROOT_CLASS = YES_ERROR;
				CLANG_WARN_UNREACHABLE_CODE = YES;
				CLANG_WARN__DUPLICATE_METHOD_MATCH = YES;
				"CODE_SIGN_IDENTITY[sdk=iphoneos*]" = "iPhone Developer";
				COPY_PHASE_STRIP = NO;
				DEBUG_INFORMATION_FORMAT = dwarf;
				ENABLE_STRICT_OBJC_MSGSEND = YES;
				ENABLE_TESTABILITY = YES;
				GCC_C_LANGUAGE_STANDARD = gnu99;
				GCC_DYNAMIC_NO_PIC = NO;
				GCC_NO_COMMON_BLOCKS = YES;
				GCC_OPTIMIZATION_LEVEL = 0;
				GCC_PREPROCESSOR_DEFINITIONS = (
					"DEBUG=1",
					"$(inherited)",
				);
				GCC_WARN_64_TO_32_BIT_CONVERSION = YES;
				GCC_WARN_ABOUT_RETURN_TYPE = YES_ERROR;
				GCC_WARN_UNDECLARED_SELECTOR = YES;
				GCC_WARN_UNINITIALIZED_AUTOS = YES_AGGRESSIVE;
				GCC_WARN_UNUSED_FUNCTION = YES;
				GCC_WARN_UNUSED_VARIABLE = YES;
				IPHONEOS_DEPLOYMENT_TARGET = 9.3;
				MTL_ENABLE_DEBUG_INFO = YES;
				ONLY_ACTIVE_ARCH = YES;
				SDKROOT = iphoneos;
				SWIFT_OPTIMIZATION_LEVEL = "-Onone";
				TARGETED_DEVICE_FAMILY = "1,2";
			};
			name = Debug;
		};
		4C1735371D2B1B7300EF991B /* Release */ = {
			isa = XCBuildConfiguration;
			buildSettings = {
				ALWAYS_SEARCH_USER_PATHS = NO;
				CLANG_ANALYZER_NONNULL = YES;
				CLANG_CXX_LANGUAGE_STANDARD = "gnu++0x";
				CLANG_CXX_LIBRARY = "libc++";
				CLANG_ENABLE_MODULES = YES;
				CLANG_ENABLE_OBJC_ARC = YES;
				CLANG_WARN_BOOL_CONVERSION = YES;
				CLANG_WARN_CONSTANT_CONVERSION = YES;
				CLANG_WARN_DIRECT_OBJC_ISA_USAGE = YES_ERROR;
				CLANG_WARN_EMPTY_BODY = YES;
				CLANG_WARN_ENUM_CONVERSION = YES;
				CLANG_WARN_INT_CONVERSION = YES;
				CLANG_WARN_OBJC_ROOT_CLASS = YES_ERROR;
				CLANG_WARN_UNREACHABLE_CODE = YES;
				CLANG_WARN__DUPLICATE_METHOD_MATCH = YES;
				"CODE_SIGN_IDENTITY[sdk=iphoneos*]" = "iPhone Developer";
				COPY_PHASE_STRIP = NO;
				DEBUG_INFORMATION_FORMAT = "dwarf-with-dsym";
				ENABLE_NS_ASSERTIONS = NO;
				ENABLE_STRICT_OBJC_MSGSEND = YES;
				GCC_C_LANGUAGE_STANDARD = gnu99;
				GCC_NO_COMMON_BLOCKS = YES;
				GCC_WARN_64_TO_32_BIT_CONVERSION = YES;
				GCC_WARN_ABOUT_RETURN_TYPE = YES_ERROR;
				GCC_WARN_UNDECLARED_SELECTOR = YES;
				GCC_WARN_UNINITIALIZED_AUTOS = YES_AGGRESSIVE;
				GCC_WARN_UNUSED_FUNCTION = YES;
				GCC_WARN_UNUSED_VARIABLE = YES;
				IPHONEOS_DEPLOYMENT_TARGET = 9.3;
				MTL_ENABLE_DEBUG_INFO = NO;
				SDKROOT = iphoneos;
				TARGETED_DEVICE_FAMILY = "1,2";
				VALIDATE_PRODUCT = YES;
			};
			name = Release;
		};
		4C1735391D2B1B7300EF991B /* Debug */ = {
			isa = XCBuildConfiguration;
			baseConfigurationReference = 5CBA5A22CC792C6E0FE7F1AC /* Pods-MyFamilySocialApp.debug.xcconfig */;
			buildSettings = {
				ASSETCATALOG_COMPILER_APPICON_NAME = AppIcon;
				FRAMEWORK_SEARCH_PATHS = (
					"$(inherited)",
					"$(PROJECT_DIR)",
				);
				INFOPLIST_FILE = MyFamilySocialApp/Info.plist;
				LD_RUNPATH_SEARCH_PATHS = "$(inherited) @executable_path/Frameworks";
				PRODUCT_BUNDLE_IDENTIFIER = com.mgktechsolutions.MyFamilySocialApp;
				PRODUCT_NAME = "$(TARGET_NAME)";
			};
			name = Debug;
		};
		4C17353A1D2B1B7300EF991B /* Release */ = {
			isa = XCBuildConfiguration;
			baseConfigurationReference = 28B0B0D5FF6B85271AC56CDD /* Pods-MyFamilySocialApp.release.xcconfig */;
			buildSettings = {
				ASSETCATALOG_COMPILER_APPICON_NAME = AppIcon;
				FRAMEWORK_SEARCH_PATHS = (
					"$(inherited)",
					"$(PROJECT_DIR)",
				);
				INFOPLIST_FILE = MyFamilySocialApp/Info.plist;
				LD_RUNPATH_SEARCH_PATHS = "$(inherited) @executable_path/Frameworks";
				PRODUCT_BUNDLE_IDENTIFIER = com.mgktechsolutions.MyFamilySocialApp;
				PRODUCT_NAME = "$(TARGET_NAME)";
			};
			name = Release;
		};
/* End XCBuildConfiguration section */

/* Begin XCConfigurationList section */
		4C1735211D2B1B7300EF991B /* Build configuration list for PBXProject "MyFamilySocialApp" */ = {
			isa = XCConfigurationList;
			buildConfigurations = (
				4C1735361D2B1B7300EF991B /* Debug */,
				4C1735371D2B1B7300EF991B /* Release */,
			);
			defaultConfigurationIsVisible = 0;
			defaultConfigurationName = Release;
		};
		4C1735381D2B1B7300EF991B /* Build configuration list for PBXNativeTarget "MyFamilySocialApp" */ = {
			isa = XCConfigurationList;
			buildConfigurations = (
				4C1735391D2B1B7300EF991B /* Debug */,
				4C17353A1D2B1B7300EF991B /* Release */,
			);
			defaultConfigurationIsVisible = 0;
			defaultConfigurationName = Release;
		};
/* End XCConfigurationList section */
	};
	rootObject = 4C17351E1D2B1B7300EF991B /* Project object */;
}
